
Microsoft Visual Studio Solution File, Format Version 12.00
# Visual Studio Version 17
VisualStudioVersion = 17.14.36408.4 d17.14
MinimumVisualStudioVersion = 10.0.40219.1
Project("{D2ABAB84-BF74-430A-B69E-9DC6D40DDA17}") = "SSAS_Practica2", "SSAS_Practica2.dwproj", "{98F19FC0-7FD3-2FC7-39B3-5740494C8BF3}"
EndProject
Global
	GlobalSection(SolutionConfigurationPlatforms) = preSolution
		Development|Default = Development|Default
	EndGlobalSection
	GlobalSection(ProjectConfigurationPlatforms) = postSolution
		{98F19FC0-7FD3-2FC7-39B3-5740494C8BF3}.Development|Default.ActiveCfg = Development
		{98F19FC0-7FD3-2FC7-39B3-5740494C8BF3}.Development|Default.Build.0 = Development
		{98F19FC0-7FD3-2FC7-39B3-5740494C8BF3}.Development|Default.Deploy.0 = Development
	EndGlobalSection
	GlobalSection(SolutionProperties) = preSolution
		HideSolutionNode = FALSE
	EndGlobalSection
	GlobalSection(ExtensibilityGlobals) = postSolution
		SolutionGuid = {6D1ADFE9-8AE8-4772-854A-C900ED2F9B16}
	EndGlobalSection
EndGlobal
